
Microsoft Visual Studio Solution File, Format Version 12.00
# Visual Studio Version 16
VisualStudioVersion = 16.0.30907.101
MinimumVisualStudioVersion = 10.0.40219.1
Project("{FAE04EC0-301F-11D3-BF4B-00C04F79EFBC}") = "Series", "Series\Series.csproj", "{D13BC6B0-587E-42DC-AB53-BD6335F6DC3C}"
EndProject
Global
	GlobalSection(SolutionConfigurationPlatforms) = preSolution
		Debug|Any CPU = Debug|Any CPU
		Release|Any CPU = Release|Any CPU
	EndGlobalSection
	GlobalSection(ProjectConfigurationPlatforms) = postSolution
		{D13BC6B0-587E-42DC-AB53-BD6335F6DC3C}.Debug|Any CPU.ActiveCfg = Debug|Any CPU
		{D13BC6B0-587E-42DC-AB53-BD6335F6DC3C}.Debug|Any CPU.Build.0 = Debug|Any CPU
		{D13BC6B0-587E-42DC-AB53-BD6335F6DC3C}.Release|Any CPU.ActiveCfg = Release|Any CPU
		{D13BC6B0-587E-42DC-AB53-BD6335F6DC3C}.Release|Any CPU.Build.0 = Release|Any CPU
	EndGlobalSection
	GlobalSection(SolutionProperties) = preSolution
		HideSolutionNode = FALSE
	EndGlobalSection
	GlobalSection(ExtensibilityGlobals) = postSolution
		SolutionGuid = {FAA19A1F-0C46-4245-A963-D262631B4CD2}
	EndGlobalSection
EndGlobal
